
Microsoft Visual Studio Solution File, Format Version 12.00
# Visual Studio Version 16
VisualStudioVersion = 16.0.30204.135
MinimumVisualStudioVersion = 10.0.40219.1
Project("{FAE04EC0-301F-11D3-BF4B-00C04F79EFBC}") = "flashlight.Android", "flashlight\flashlight.Android\flashlight.Android.csproj", "{9F3E135B-89B4-42EE-B473-EB6D4E42D4FE}"
EndProject
Project("{FAE04EC0-301F-11D3-BF4B-00C04F79EFBC}") = "flashlight", "flashlight\flashlight\flashlight.csproj", "{70FD3245-77A3-47B5-B438-606358F0A8D6}"
EndProject
Global
	GlobalSection(SolutionConfigurationPlatforms) = preSolution
		Debug|Any CPU = Debug|Any CPU
		Release|Any CPU = Release|Any CPU
	EndGlobalSection
	GlobalSection(ProjectConfigurationPlatforms) = postSolution
		{9F3E135B-89B4-42EE-B473-EB6D4E42D4FE}.Debug|Any CPU.ActiveCfg = Debug|Any CPU
		{9F3E135B-89B4-42EE-B473-EB6D4E42D4FE}.Debug|Any CPU.Build.0 = Debug|Any CPU
		{9F3E135B-89B4-42EE-B473-EB6D4E42D4FE}.Debug|Any CPU.Deploy.0 = Debug|Any CPU
		{9F3E135B-89B4-42EE-B473-EB6D4E42D4FE}.Release|Any CPU.ActiveCfg = Release|Any CPU
		{9F3E135B-89B4-42EE-B473-EB6D4E42D4FE}.Release|Any CPU.Build.0 = Release|Any CPU
		{9F3E135B-89B4-42EE-B473-EB6D4E42D4FE}.Release|Any CPU.Deploy.0 = Release|Any CPU
		{70FD3245-77A3-47B5-B438-606358F0A8D6}.Debug|Any CPU.ActiveCfg = Debug|Any CPU
		{70FD3245-77A3-47B5-B438-606358F0A8D6}.Debug|Any CPU.Build.0 = Debug|Any CPU
		{70FD3245-77A3-47B5-B438-606358F0A8D6}.Debug|Any CPU.Deploy.0 = Debug|Any CPU
		{70FD3245-77A3-47B5-B438-606358F0A8D6}.Release|Any CPU.ActiveCfg = Release|Any CPU
		{70FD3245-77A3-47B5-B438-606358F0A8D6}.Release|Any CPU.Build.0 = Release|Any CPU
		{70FD3245-77A3-47B5-B438-606358F0A8D6}.Release|Any CPU.Deploy.0 = Release|Any CPU
	EndGlobalSection
	GlobalSection(SolutionProperties) = preSolution
		HideSolutionNode = FALSE
	EndGlobalSection
	GlobalSection(ExtensibilityGlobals) = postSolution
		SolutionGuid = {302262DC-F1E5-4EFC-8B92-91AC8BA102D4}
	EndGlobalSection
EndGlobal
